
Microsoft Visual Studio Solution File, Format Version 12.00
# Visual Studio Version 16
VisualStudioVersion = 16.0.31410.357
MinimumVisualStudioVersion = 10.0.40219.1
Project("{FAE04EC0-301F-11D3-BF4B-00C04F79EFBC}") = "ServiceMtk-P1-094", "ServiceMtk-P1-094\ServiceMtk-P1-094.csproj", "{68CE6CB9-3564-4DC8-A9D8-289E227AA083}"
EndProject
Global
	GlobalSection(SolutionConfigurationPlatforms) = preSolution
		Debug|Any CPU = Debug|Any CPU
		Release|Any CPU = Release|Any CPU
	EndGlobalSection
	GlobalSection(ProjectConfigurationPlatforms) = postSolution
		{68CE6CB9-3564-4DC8-A9D8-289E227AA083}.Debug|Any CPU.ActiveCfg = Debug|Any CPU
		{68CE6CB9-3564-4DC8-A9D8-289E227AA083}.Debug|Any CPU.Build.0 = Debug|Any CPU
		{68CE6CB9-3564-4DC8-A9D8-289E227AA083}.Release|Any CPU.ActiveCfg = Release|Any CPU
		{68CE6CB9-3564-4DC8-A9D8-289E227AA083}.Release|Any CPU.Build.0 = Release|Any CPU
	EndGlobalSection
	GlobalSection(SolutionProperties) = preSolution
		HideSolutionNode = FALSE
	EndGlobalSection
	GlobalSection(ExtensibilityGlobals) = postSolution
		SolutionGuid = {C8C99F39-5D21-4F79-B88D-492282E26E2A}
	EndGlobalSection
EndGlobal
